
Microsoft Visual Studio Solution File, Format Version 12.00
# Visual Studio Version 16
VisualStudioVersion = 16.0.30626.31
MinimumVisualStudioVersion = 10.0.40219.1
Project("{9A19103F-16F7-4668-BE54-9A1E7A4F7556}") = "Warehouse.Api", "Warehouse.Api.csproj", "{82958894-A849-4963-86AA-F443C783F9B6}"
EndProject
Project("{9A19103F-16F7-4668-BE54-9A1E7A4F7556}") = "Warehouse.Database", "..\Warehouse.Database\Warehouse.Database.csproj", "{C2392D31-4385-4766-A7A5-F4F9825B86DF}"
EndProject
Global
	GlobalSection(SolutionConfigurationPlatforms) = preSolution
		Debug|Any CPU = Debug|Any CPU
		Release|Any CPU = Release|Any CPU
	EndGlobalSection
	GlobalSection(ProjectConfigurationPlatforms) = postSolution
		{82958894-A849-4963-86AA-F443C783F9B6}.Debug|Any CPU.ActiveCfg = Debug|Any CPU
		{82958894-A849-4963-86AA-F443C783F9B6}.Debug|Any CPU.Build.0 = Debug|Any CPU
		{82958894-A849-4963-86AA-F443C783F9B6}.Release|Any CPU.ActiveCfg = Release|Any CPU
		{82958894-A849-4963-86AA-F443C783F9B6}.Release|Any CPU.Build.0 = Release|Any CPU
		{C2392D31-4385-4766-A7A5-F4F9825B86DF}.Debug|Any CPU.ActiveCfg = Debug|Any CPU
		{C2392D31-4385-4766-A7A5-F4F9825B86DF}.Debug|Any CPU.Build.0 = Debug|Any CPU
		{C2392D31-4385-4766-A7A5-F4F9825B86DF}.Release|Any CPU.ActiveCfg = Release|Any CPU
		{C2392D31-4385-4766-A7A5-F4F9825B86DF}.Release|Any CPU.Build.0 = Release|Any CPU
	EndGlobalSection
	GlobalSection(SolutionProperties) = preSolution
		HideSolutionNode = FALSE
	EndGlobalSection
	GlobalSection(ExtensibilityGlobals) = postSolution
		SolutionGuid = {9EDA7F32-86B1-496C-9434-DAF58BDCF2F8}
	EndGlobalSection
EndGlobal
